
Microsoft Visual Studio Solution File, Format Version 12.00
# Visual Studio Version 17
VisualStudioVersion = 17.0.31423.177
MinimumVisualStudioVersion = 10.0.40219.1
Project("{FAE04EC0-301F-11D3-BF4B-00C04F79EFBC}") = "ADotNet", "ADotNet\ADotNet.csproj", "{9B591D45-CC57-489D-8C57-715A5756984E}"
EndProject
Project("{FAE04EC0-301F-11D3-BF4B-00C04F79EFBC}") = "AdoNet.Tests.Unit", "AdoNet.Tests.Unit\AdoNet.Tests.Unit.csproj", "{BCB9A79D-B803-440A-9DBA-A9DDD96F618F}"
EndProject
Global
	GlobalSection(SolutionConfigurationPlatforms) = preSolution
		Debug|Any CPU = Debug|Any CPU
		Release|Any CPU = Release|Any CPU
	EndGlobalSection
	GlobalSection(ProjectConfigurationPlatforms) = postSolution
		{9B591D45-CC57-489D-8C57-715A5756984E}.Debug|Any CPU.ActiveCfg = Debug|Any CPU
		{9B591D45-CC57-489D-8C57-715A5756984E}.Debug|Any CPU.Build.0 = Debug|Any CPU
		{9B591D45-CC57-489D-8C57-715A5756984E}.Release|Any CPU.ActiveCfg = Release|Any CPU
		{9B591D45-CC57-489D-8C57-715A5756984E}.Release|Any CPU.Build.0 = Release|Any CPU
		{BCB9A79D-B803-440A-9DBA-A9DDD96F618F}.Debug|Any CPU.ActiveCfg = Debug|Any CPU
		{BCB9A79D-B803-440A-9DBA-A9DDD96F618F}.Debug|Any CPU.Build.0 = Debug|Any CPU
		{BCB9A79D-B803-440A-9DBA-A9DDD96F618F}.Release|Any CPU.ActiveCfg = Release|Any CPU
		{BCB9A79D-B803-440A-9DBA-A9DDD96F618F}.Release|Any CPU.Build.0 = Release|Any CPU
	EndGlobalSection
	GlobalSection(SolutionProperties) = preSolution
		HideSolutionNode = FALSE
	EndGlobalSection
	GlobalSection(ExtensibilityGlobals) = postSolution
		SolutionGuid = {EFED117A-5EEB-4587-A445-6945DE3050D3}
	EndGlobalSection
EndGlobal
