
Microsoft Visual Studio Solution File, Format Version 12.00
# Visual Studio Version 17
VisualStudioVersion = 17.0.31423.177
MinimumVisualStudioVersion = 10.0.40219.1
Project("{9A19103F-16F7-4668-BE54-9A1E7A4F7556}") = "ADotNet", "ADotNet\ADotNet.csproj", "{9B591D45-CC57-489D-8C57-715A5756984E}"
EndProject
Project("{9A19103F-16F7-4668-BE54-9A1E7A4F7556}") = "AdoNet.Tests.Unit", "AdoNet.Tests.Unit\AdoNet.Tests.Unit.csproj", "{BCB9A79D-B803-440A-9DBA-A9DDD96F618F}"
EndProject
Project("{9A19103F-16F7-4668-BE54-9A1E7A4F7556}") = "AdoNet.Tests.Console", "AdoNet.Tests.Console\AdoNet.Tests.Console.csproj", "{C416965F-AF57-44A7-A6FA-CA8E9A326979}"
EndProject
Project("{FAE04EC0-301F-11D3-BF4B-00C04F79EFBC}") = "ADotNet.Infrastructure.Build", "ADotNet.Infrastructure.Build\ADotNet.Infrastructure.Build.csproj", "{DBB401B4-A819-45FE-98A5-8CAE6F7B58DF}"
EndProject
Global
	GlobalSection(SolutionConfigurationPlatforms) = preSolution
		Debug|Any CPU = Debug|Any CPU
		Release|Any CPU = Release|Any CPU
	EndGlobalSection
	GlobalSection(ProjectConfigurationPlatforms) = postSolution
		{9B591D45-CC57-489D-8C57-715A5756984E}.Debug|Any CPU.ActiveCfg = Debug|Any CPU
		{9B591D45-CC57-489D-8C57-715A5756984E}.Debug|Any CPU.Build.0 = Debug|Any CPU
		{9B591D45-CC57-489D-8C57-715A5756984E}.Release|Any CPU.ActiveCfg = Release|Any CPU
		{9B591D45-CC57-489D-8C57-715A5756984E}.Release|Any CPU.Build.0 = Release|Any CPU
		{BCB9A79D-B803-440A-9DBA-A9DDD96F618F}.Debug|Any CPU.ActiveCfg = Debug|Any CPU
		{BCB9A79D-B803-440A-9DBA-A9DDD96F618F}.Debug|Any CPU.Build.0 = Debug|Any CPU
		{BCB9A79D-B803-440A-9DBA-A9DDD96F618F}.Release|Any CPU.ActiveCfg = Release|Any CPU
		{BCB9A79D-B803-440A-9DBA-A9DDD96F618F}.Release|Any CPU.Build.0 = Release|Any CPU
		{C416965F-AF57-44A7-A6FA-CA8E9A326979}.Debug|Any CPU.ActiveCfg = Debug|Any CPU
		{C416965F-AF57-44A7-A6FA-CA8E9A326979}.Debug|Any CPU.Build.0 = Debug|Any CPU
		{C416965F-AF57-44A7-A6FA-CA8E9A326979}.Release|Any CPU.ActiveCfg = Release|Any CPU
		{C416965F-AF57-44A7-A6FA-CA8E9A326979}.Release|Any CPU.Build.0 = Release|Any CPU
		{DBB401B4-A819-45FE-98A5-8CAE6F7B58DF}.Debug|Any CPU.ActiveCfg = Debug|Any CPU
		{DBB401B4-A819-45FE-98A5-8CAE6F7B58DF}.Debug|Any CPU.Build.0 = Debug|Any CPU
		{DBB401B4-A819-45FE-98A5-8CAE6F7B58DF}.Release|Any CPU.ActiveCfg = Release|Any CPU
		{DBB401B4-A819-45FE-98A5-8CAE6F7B58DF}.Release|Any CPU.Build.0 = Release|Any CPU
	EndGlobalSection
	GlobalSection(SolutionProperties) = preSolution
		HideSolutionNode = FALSE
	EndGlobalSection
	GlobalSection(ExtensibilityGlobals) = postSolution
		SolutionGuid = {EFED117A-5EEB-4587-A445-6945DE3050D3}
	EndGlobalSection
EndGlobal
